
Microsoft Visual Studio Solution File, Format Version 12.00
# Visual Studio 14
VisualStudioVersion = 14.0.25123.0
MinimumVisualStudioVersion = 10.0.40219.1
Project("{FAE04EC0-301F-11D3-BF4B-00C04F79EFBC}") = "BayClinicCdrAggregationLib", "BayClinicCdrAggregationLib\BayClinicCdrAggregationLib.csproj", "{77D70C26-D7CD-4101-B2F1-69525F37BF31}"
EndProject
Project("{FAE04EC0-301F-11D3-BF4B-00C04F79EFBC}") = "NorthBendCdrAggregationLib", "NorthBendCdrAggregationLib\NorthBendCdrAggregationLib.csproj", "{26692E9C-2DD0-4DAB-8785-84736AE1EB82}"
EndProject
Project("{FAE04EC0-301F-11D3-BF4B-00C04F79EFBC}") = "CdrDbLib", "..\..\..\Databases\CdrDbLib\CdrDbLib\CdrDbLib.csproj", "{CBEC3A92-5B09-4218-ACDB-286E61FF4CD8}"
EndProject
Project("{FAE04EC0-301F-11D3-BF4B-00C04F79EFBC}") = "MongoDbWrap", "..\..\AppsCommon\MongoDbWrap\MongoDbWrap.csproj", "{5FDFBD80-5D24-40A0-985F-C17F579D8517}"
EndProject
Project("{FAE04EC0-301F-11D3-BF4B-00C04F79EFBC}") = "WoahCdrAggregationTestGui", "WoahCdrAggregationTestGui\WoahCdrAggregationTestGui.csproj", "{4F7B25B9-91DD-420B-B9C0-30F1E37E9E45}"
EndProject
Project("{FAE04EC0-301F-11D3-BF4B-00C04F79EFBC}") = "SasDataSetLib", "ClassLibrary1\SasDataSetLib.csproj", "{22B8EAF5-B70C-4064-B4E6-979DF14F6709}"
EndProject
Project("{FAE04EC0-301F-11D3-BF4B-00C04F79EFBC}") = "SQLiteLib", "ClassLibrary2\SQLiteLib.csproj", "{D5149A31-D65E-4064-A4F4-CF68069EC55C}"
EndProject
Project("{FAE04EC0-301F-11D3-BF4B-00C04F79EFBC}") = "WoahCdrAggregationConsoleApp", "WoahCdrAggregationConsoleApp\WoahCdrAggregationConsoleApp.csproj", "{F2FF6A34-75F5-4B74-BC00-400C896C12DC}"
EndProject
Project("{FAE04EC0-301F-11D3-BF4B-00C04F79EFBC}") = "NetworkAccess", "..\..\AppsCommon\NetworkAccess\NetworkAccess.csproj", "{6045ED57-9C70-4A16-B6FD-C46EA652203C}"
EndProject
Global
	GlobalSection(SolutionConfigurationPlatforms) = preSolution
		Debug|Any CPU = Debug|Any CPU
		Release|Any CPU = Release|Any CPU
	EndGlobalSection
	GlobalSection(ProjectConfigurationPlatforms) = postSolution
		{77D70C26-D7CD-4101-B2F1-69525F37BF31}.Debug|Any CPU.ActiveCfg = Debug|Any CPU
		{77D70C26-D7CD-4101-B2F1-69525F37BF31}.Debug|Any CPU.Build.0 = Debug|Any CPU
		{77D70C26-D7CD-4101-B2F1-69525F37BF31}.Release|Any CPU.ActiveCfg = Release|Any CPU
		{77D70C26-D7CD-4101-B2F1-69525F37BF31}.Release|Any CPU.Build.0 = Release|Any CPU
		{26692E9C-2DD0-4DAB-8785-84736AE1EB82}.Debug|Any CPU.ActiveCfg = Debug|Any CPU
		{26692E9C-2DD0-4DAB-8785-84736AE1EB82}.Debug|Any CPU.Build.0 = Debug|Any CPU
		{26692E9C-2DD0-4DAB-8785-84736AE1EB82}.Release|Any CPU.ActiveCfg = Release|Any CPU
		{26692E9C-2DD0-4DAB-8785-84736AE1EB82}.Release|Any CPU.Build.0 = Release|Any CPU
		{CBEC3A92-5B09-4218-ACDB-286E61FF4CD8}.Debug|Any CPU.ActiveCfg = Debug|Any CPU
		{CBEC3A92-5B09-4218-ACDB-286E61FF4CD8}.Debug|Any CPU.Build.0 = Debug|Any CPU
		{CBEC3A92-5B09-4218-ACDB-286E61FF4CD8}.Release|Any CPU.ActiveCfg = Release|Any CPU
		{CBEC3A92-5B09-4218-ACDB-286E61FF4CD8}.Release|Any CPU.Build.0 = Release|Any CPU
		{5FDFBD80-5D24-40A0-985F-C17F579D8517}.Debug|Any CPU.ActiveCfg = Debug|Any CPU
		{5FDFBD80-5D24-40A0-985F-C17F579D8517}.Debug|Any CPU.Build.0 = Debug|Any CPU
		{5FDFBD80-5D24-40A0-985F-C17F579D8517}.Release|Any CPU.ActiveCfg = Release|Any CPU
		{5FDFBD80-5D24-40A0-985F-C17F579D8517}.Release|Any CPU.Build.0 = Release|Any CPU
		{4F7B25B9-91DD-420B-B9C0-30F1E37E9E45}.Debug|Any CPU.ActiveCfg = Debug|Any CPU
		{4F7B25B9-91DD-420B-B9C0-30F1E37E9E45}.Debug|Any CPU.Build.0 = Debug|Any CPU
		{4F7B25B9-91DD-420B-B9C0-30F1E37E9E45}.Release|Any CPU.ActiveCfg = Release|Any CPU
		{4F7B25B9-91DD-420B-B9C0-30F1E37E9E45}.Release|Any CPU.Build.0 = Release|Any CPU
		{22B8EAF5-B70C-4064-B4E6-979DF14F6709}.Debug|Any CPU.ActiveCfg = Debug|Any CPU
		{22B8EAF5-B70C-4064-B4E6-979DF14F6709}.Debug|Any CPU.Build.0 = Debug|Any CPU
		{22B8EAF5-B70C-4064-B4E6-979DF14F6709}.Release|Any CPU.ActiveCfg = Release|Any CPU
		{22B8EAF5-B70C-4064-B4E6-979DF14F6709}.Release|Any CPU.Build.0 = Release|Any CPU
		{D5149A31-D65E-4064-A4F4-CF68069EC55C}.Debug|Any CPU.ActiveCfg = Debug|Any CPU
		{D5149A31-D65E-4064-A4F4-CF68069EC55C}.Debug|Any CPU.Build.0 = Debug|Any CPU
		{D5149A31-D65E-4064-A4F4-CF68069EC55C}.Release|Any CPU.ActiveCfg = Release|Any CPU
		{D5149A31-D65E-4064-A4F4-CF68069EC55C}.Release|Any CPU.Build.0 = Release|Any CPU
		{F2FF6A34-75F5-4B74-BC00-400C896C12DC}.Debug|Any CPU.ActiveCfg = Debug|Any CPU
		{F2FF6A34-75F5-4B74-BC00-400C896C12DC}.Debug|Any CPU.Build.0 = Debug|Any CPU
		{F2FF6A34-75F5-4B74-BC00-400C896C12DC}.Release|Any CPU.ActiveCfg = Release|Any CPU
		{F2FF6A34-75F5-4B74-BC00-400C896C12DC}.Release|Any CPU.Build.0 = Release|Any CPU
		{6045ED57-9C70-4A16-B6FD-C46EA652203C}.Debug|Any CPU.ActiveCfg = Debug|Any CPU
		{6045ED57-9C70-4A16-B6FD-C46EA652203C}.Debug|Any CPU.Build.0 = Debug|Any CPU
		{6045ED57-9C70-4A16-B6FD-C46EA652203C}.Release|Any CPU.ActiveCfg = Release|Any CPU
		{6045ED57-9C70-4A16-B6FD-C46EA652203C}.Release|Any CPU.Build.0 = Release|Any CPU
	EndGlobalSection
	GlobalSection(SolutionProperties) = preSolution
		HideSolutionNode = FALSE
	EndGlobalSection
EndGlobal
