
Microsoft Visual Studio Solution File, Format Version 12.00
# Visual Studio 14
VisualStudioVersion = 14.0.25420.1
MinimumVisualStudioVersion = 10.0.40219.1
Project("{FAE04EC0-301F-11D3-BF4B-00C04F79EFBC}") = "DbMetadataVisualizer", "DbMetadataVisualizer\DbMetadataVisualizer.csproj", "{A19EAD14-CEEC-4D3E-8AE6-8747AA7CB141}"
EndProject
Project("{FAE04EC0-301F-11D3-BF4B-00C04F79EFBC}") = "MillimanCommon", "..\..\WebApps\MillFrame\MillimanCommon\MillimanCommon.csproj", "{4CF8C253-1952-4F25-A169-542FEADE27B4}"
EndProject
Global
	GlobalSection(SolutionConfigurationPlatforms) = preSolution
		Debug|Any CPU = Debug|Any CPU
		Release|Any CPU = Release|Any CPU
	EndGlobalSection
	GlobalSection(ProjectConfigurationPlatforms) = postSolution
		{A19EAD14-CEEC-4D3E-8AE6-8747AA7CB141}.Debug|Any CPU.ActiveCfg = Debug|Any CPU
		{A19EAD14-CEEC-4D3E-8AE6-8747AA7CB141}.Debug|Any CPU.Build.0 = Debug|Any CPU
		{A19EAD14-CEEC-4D3E-8AE6-8747AA7CB141}.Release|Any CPU.ActiveCfg = Release|Any CPU
		{A19EAD14-CEEC-4D3E-8AE6-8747AA7CB141}.Release|Any CPU.Build.0 = Release|Any CPU
		{4CF8C253-1952-4F25-A169-542FEADE27B4}.Debug|Any CPU.ActiveCfg = Debug|Any CPU
		{4CF8C253-1952-4F25-A169-542FEADE27B4}.Debug|Any CPU.Build.0 = Debug|Any CPU
		{4CF8C253-1952-4F25-A169-542FEADE27B4}.Release|Any CPU.ActiveCfg = Release|Any CPU
		{4CF8C253-1952-4F25-A169-542FEADE27B4}.Release|Any CPU.Build.0 = Release|Any CPU
	EndGlobalSection
	GlobalSection(SolutionProperties) = preSolution
		HideSolutionNode = FALSE
	EndGlobalSection
EndGlobal
