
Microsoft Visual Studio Solution File, Format Version 12.00
# Visual Studio 14
VisualStudioVersion = 14.0.24720.0
MinimumVisualStudioVersion = 10.0.40219.1
Project("{FAE04EC0-301F-11D3-BF4B-00C04F79EFBC}") = "RedoxFeedHandler", "RedoxFeedHandler\RedoxFeedHandler.csproj", "{19BEBBB6-77D1-4A83-87C2-DA35951E7C73}"
EndProject
Project("{FAE04EC0-301F-11D3-BF4B-00C04F79EFBC}") = "RedoxFeedTestClient", "RedoxFeedTestClient\RedoxFeedTestClient.csproj", "{4F5B0B78-EAFF-4EDC-97E8-B597876AB2AA}"
EndProject
Project("{2150E333-8FDC-42A3-9474-1A3956D46DE8}") = "RedoxFeedTest", "RedoxFeedTest", "{DCE73AA8-AFA7-4372-BE56-3B4A26D2BFB4}"
EndProject
Global
	GlobalSection(SolutionConfigurationPlatforms) = preSolution
		Debug|Any CPU = Debug|Any CPU
		Release|Any CPU = Release|Any CPU
	EndGlobalSection
	GlobalSection(ProjectConfigurationPlatforms) = postSolution
		{19BEBBB6-77D1-4A83-87C2-DA35951E7C73}.Debug|Any CPU.ActiveCfg = Debug|Any CPU
		{19BEBBB6-77D1-4A83-87C2-DA35951E7C73}.Debug|Any CPU.Build.0 = Debug|Any CPU
		{19BEBBB6-77D1-4A83-87C2-DA35951E7C73}.Release|Any CPU.ActiveCfg = Release|Any CPU
		{19BEBBB6-77D1-4A83-87C2-DA35951E7C73}.Release|Any CPU.Build.0 = Release|Any CPU
		{4F5B0B78-EAFF-4EDC-97E8-B597876AB2AA}.Debug|Any CPU.ActiveCfg = Debug|Any CPU
		{4F5B0B78-EAFF-4EDC-97E8-B597876AB2AA}.Debug|Any CPU.Build.0 = Debug|Any CPU
		{4F5B0B78-EAFF-4EDC-97E8-B597876AB2AA}.Release|Any CPU.ActiveCfg = Release|Any CPU
		{4F5B0B78-EAFF-4EDC-97E8-B597876AB2AA}.Release|Any CPU.Build.0 = Release|Any CPU
	EndGlobalSection
	GlobalSection(SolutionProperties) = preSolution
		HideSolutionNode = FALSE
	EndGlobalSection
	GlobalSection(NestedProjects) = preSolution
		{19BEBBB6-77D1-4A83-87C2-DA35951E7C73} = {DCE73AA8-AFA7-4372-BE56-3B4A26D2BFB4}
	EndGlobalSection
EndGlobal
