
Microsoft Visual Studio Solution File, Format Version 12.00
# Visual Studio 14
VisualStudioVersion = 14.0.25123.0
MinimumVisualStudioVersion = 10.0.40219.1
Project("{FAE04EC0-301F-11D3-BF4B-00C04F79EFBC}") = "PasswordResetUtilityApplication", "PasswordResetUtilityApplication\PasswordResetUtilityApplication.csproj", "{8637B909-7E2A-479E-A4C2-5305EE52230E}"
EndProject
Project("{FAE04EC0-301F-11D3-BF4B-00C04F79EFBC}") = "PasswordUtilityProcessor", "PasswordUtilityProcessor\PasswordUtilityProcessor.csproj", "{4CE45CEB-8E9C-4792-BB1F-E6DA59AFA339}"
EndProject
Project("{FAE04EC0-301F-11D3-BF4B-00C04F79EFBC}") = "Test", "Test\Test.csproj", "{47146141-D3E8-44B5-988B-06D2726BA79F}"
EndProject
Project("{FAE04EC0-301F-11D3-BF4B-00C04F79EFBC}") = "Milliman.Utilities", "..\SystemReporting\Milliman.Utilities\Milliman.Utilities.csproj", "{43EF8247-0456-458F-8F85-DFD57F54AE79}"
EndProject
Project("{2150E333-8FDC-42A3-9474-1A3956D46DE8}") = "Solution Items", "Solution Items", "{251CACEA-15F8-4239-8EF1-040D7E11ABCA}"
	ProjectSection(SolutionItems) = preProject
		ReadMe.txt = ReadMe.txt
	EndProjectSection
EndProject
Global
	GlobalSection(SolutionConfigurationPlatforms) = preSolution
		Debug|Any CPU = Debug|Any CPU
		Release|Any CPU = Release|Any CPU
	EndGlobalSection
	GlobalSection(ProjectConfigurationPlatforms) = postSolution
		{8637B909-7E2A-479E-A4C2-5305EE52230E}.Debug|Any CPU.ActiveCfg = Debug|Any CPU
		{8637B909-7E2A-479E-A4C2-5305EE52230E}.Debug|Any CPU.Build.0 = Debug|Any CPU
		{8637B909-7E2A-479E-A4C2-5305EE52230E}.Release|Any CPU.ActiveCfg = Release|Any CPU
		{8637B909-7E2A-479E-A4C2-5305EE52230E}.Release|Any CPU.Build.0 = Release|Any CPU
		{4CE45CEB-8E9C-4792-BB1F-E6DA59AFA339}.Debug|Any CPU.ActiveCfg = Debug|Any CPU
		{4CE45CEB-8E9C-4792-BB1F-E6DA59AFA339}.Debug|Any CPU.Build.0 = Debug|Any CPU
		{4CE45CEB-8E9C-4792-BB1F-E6DA59AFA339}.Release|Any CPU.ActiveCfg = Release|Any CPU
		{4CE45CEB-8E9C-4792-BB1F-E6DA59AFA339}.Release|Any CPU.Build.0 = Release|Any CPU
		{47146141-D3E8-44B5-988B-06D2726BA79F}.Debug|Any CPU.ActiveCfg = Debug|Any CPU
		{47146141-D3E8-44B5-988B-06D2726BA79F}.Debug|Any CPU.Build.0 = Debug|Any CPU
		{47146141-D3E8-44B5-988B-06D2726BA79F}.Release|Any CPU.ActiveCfg = Release|Any CPU
		{47146141-D3E8-44B5-988B-06D2726BA79F}.Release|Any CPU.Build.0 = Release|Any CPU
		{43EF8247-0456-458F-8F85-DFD57F54AE79}.Debug|Any CPU.ActiveCfg = Debug|Any CPU
		{43EF8247-0456-458F-8F85-DFD57F54AE79}.Debug|Any CPU.Build.0 = Debug|Any CPU
		{43EF8247-0456-458F-8F85-DFD57F54AE79}.Release|Any CPU.ActiveCfg = Release|Any CPU
		{43EF8247-0456-458F-8F85-DFD57F54AE79}.Release|Any CPU.Build.0 = Release|Any CPU
	EndGlobalSection
	GlobalSection(SolutionProperties) = preSolution
		HideSolutionNode = FALSE
	EndGlobalSection
EndGlobal
